
Microsoft Visual Studio Solution File, Format Version 12.00
# Visual Studio Version 17
VisualStudioVersion = 17.7.34024.191
MinimumVisualStudioVersion = 10.0.40219.1
Project("{9A19103F-16F7-4668-BE54-9A1E7A4F7556}") = "TransUniverseCorp", "TransUniverseCorp\TransUniverseCorp.csproj", "{63A4CD6A-13BA-4B5A-AABF-0F9E60D164A7}"
EndProject
Project("{9A19103F-16F7-4668-BE54-9A1E7A4F7556}") = "Entities", "Entities\Entities.csproj", "{ECE807B1-B28A-436C-91C2-849018128D47}"
EndProject
Project("{9A19103F-16F7-4668-BE54-9A1E7A4F7556}") = "UnviersalMV", "UnviersalMV\UnviersalMV.csproj", "{52F90E42-CB99-4003-8A4D-059370957658}"
EndProject
Project("{9A19103F-16F7-4668-BE54-9A1E7A4F7556}") = "BL", "BL\BL.csproj", "{EC4F5D6F-E587-4A77-997A-EABDFA2B7CAA}"
EndProject
Global
	GlobalSection(SolutionConfigurationPlatforms) = preSolution
		Debug|Any CPU = Debug|Any CPU
		Release|Any CPU = Release|Any CPU
	EndGlobalSection
	GlobalSection(ProjectConfigurationPlatforms) = postSolution
		{63A4CD6A-13BA-4B5A-AABF-0F9E60D164A7}.Debug|Any CPU.ActiveCfg = Debug|Any CPU
		{63A4CD6A-13BA-4B5A-AABF-0F9E60D164A7}.Debug|Any CPU.Build.0 = Debug|Any CPU
		{63A4CD6A-13BA-4B5A-AABF-0F9E60D164A7}.Release|Any CPU.ActiveCfg = Release|Any CPU
		{63A4CD6A-13BA-4B5A-AABF-0F9E60D164A7}.Release|Any CPU.Build.0 = Release|Any CPU
		{ECE807B1-B28A-436C-91C2-849018128D47}.Debug|Any CPU.ActiveCfg = Debug|Any CPU
		{ECE807B1-B28A-436C-91C2-849018128D47}.Debug|Any CPU.Build.0 = Debug|Any CPU
		{ECE807B1-B28A-436C-91C2-849018128D47}.Release|Any CPU.ActiveCfg = Release|Any CPU
		{ECE807B1-B28A-436C-91C2-849018128D47}.Release|Any CPU.Build.0 = Release|Any CPU
		{52F90E42-CB99-4003-8A4D-059370957658}.Debug|Any CPU.ActiveCfg = Debug|Any CPU
		{52F90E42-CB99-4003-8A4D-059370957658}.Debug|Any CPU.Build.0 = Debug|Any CPU
		{52F90E42-CB99-4003-8A4D-059370957658}.Release|Any CPU.ActiveCfg = Release|Any CPU
		{52F90E42-CB99-4003-8A4D-059370957658}.Release|Any CPU.Build.0 = Release|Any CPU
		{EC4F5D6F-E587-4A77-997A-EABDFA2B7CAA}.Debug|Any CPU.ActiveCfg = Debug|Any CPU
		{EC4F5D6F-E587-4A77-997A-EABDFA2B7CAA}.Debug|Any CPU.Build.0 = Debug|Any CPU
		{EC4F5D6F-E587-4A77-997A-EABDFA2B7CAA}.Release|Any CPU.ActiveCfg = Release|Any CPU
		{EC4F5D6F-E587-4A77-997A-EABDFA2B7CAA}.Release|Any CPU.Build.0 = Release|Any CPU
	EndGlobalSection
	GlobalSection(SolutionProperties) = preSolution
		HideSolutionNode = FALSE
	EndGlobalSection
	GlobalSection(ExtensibilityGlobals) = postSolution
		SolutionGuid = {97D721B7-ECEB-4FFA-A369-C6B399A88D96}
	EndGlobalSection
EndGlobal
