
Microsoft Visual Studio Solution File, Format Version 12.00
# Visual Studio Version 17
VisualStudioVersion = 17.7.34024.191
MinimumVisualStudioVersion = 10.0.40219.1
Project("{9A19103F-16F7-4668-BE54-9A1E7A4F7556}") = "TransUniverseCorp", "TransUniverseCorp\TransUniverseCorp.csproj", "{63A4CD6A-13BA-4B5A-AABF-0F9E60D164A7}"
EndProject
Project("{9A19103F-16F7-4668-BE54-9A1E7A4F7556}") = "Entities", "Entities\Entities.csproj", "{ECE807B1-B28A-436C-91C2-849018128D47}"
EndProject
Project("{9A19103F-16F7-4668-BE54-9A1E7A4F7556}") = "UnviersalMV", "UnviersalMV\UnviersalMV.csproj", "{52F90E42-CB99-4003-8A4D-059370957658}"
EndProject
Project("{9A19103F-16F7-4668-BE54-9A1E7A4F7556}") = "BL", "BL\BL.csproj", "{EC4F5D6F-E587-4A77-997A-EABDFA2B7CAA}"
EndProject
Project("{2150E333-8FDC-42A3-9474-1A3956D46DE8}") = "Microservices", "Microservices", "{0FBC462D-F4EC-456A-B9F0-CCDCFDDBE2F1}"
EndProject
Project("{9A19103F-16F7-4668-BE54-9A1E7A4F7556}") = "SpaceRouteService", "SpaceRouteService\SpaceRouteService.csproj", "{010A1842-19EC-44CE-A8D8-B43D247B46C9}"
EndProject
Project("{9A19103F-16F7-4668-BE54-9A1E7A4F7556}") = "BaseAPI", "BaseAPI\BaseAPI.csproj", "{C6D66ACD-5D29-44F9-BD54-C58F6E2FCC54}"
EndProject
Project("{9A19103F-16F7-4668-BE54-9A1E7A4F7556}") = "SharedModels", "SharedModels\SharedModels.csproj", "{0E883278-2F72-40A0-82FF-7390D2BF5E7E}"
EndProject
Project("{9A19103F-16F7-4668-BE54-9A1E7A4F7556}") = "DriverService", "DriverService\DriverService.csproj", "{9B64E41A-E862-4AC7-8068-91D59AB5FAAB}"
EndProject
Project("{9A19103F-16F7-4668-BE54-9A1E7A4F7556}") = "CustomerService", "CustomerService\CustomerService.csproj", "{554D9371-521A-4283-9735-8459DBD04F3D}"
EndProject
Project("{9A19103F-16F7-4668-BE54-9A1E7A4F7556}") = "UserService", "UserService\UserService.csproj", "{E08115A5-BD8C-44EF-9788-CDA8790DA862}"
EndProject
Project("{9A19103F-16F7-4668-BE54-9A1E7A4F7556}") = "IdentityServer", "IdentityServer\IdentityServer.csproj", "{C2F76E96-38C7-42EC-9BF0-DED180E7C930}"
EndProject
Project("{E53339B2-1760-4266-BCC7-CA923CBCF16C}") = "docker-compose", "docker-compose.dcproj", "{254D6918-4829-4EE6-AAFB-8176C9C92487}"
EndProject
Global
	GlobalSection(SolutionConfigurationPlatforms) = preSolution
		Debug|Any CPU = Debug|Any CPU
		Release|Any CPU = Release|Any CPU
	EndGlobalSection
	GlobalSection(ProjectConfigurationPlatforms) = postSolution
		{63A4CD6A-13BA-4B5A-AABF-0F9E60D164A7}.Debug|Any CPU.ActiveCfg = Debug|Any CPU
		{63A4CD6A-13BA-4B5A-AABF-0F9E60D164A7}.Debug|Any CPU.Build.0 = Debug|Any CPU
		{63A4CD6A-13BA-4B5A-AABF-0F9E60D164A7}.Release|Any CPU.ActiveCfg = Release|Any CPU
		{63A4CD6A-13BA-4B5A-AABF-0F9E60D164A7}.Release|Any CPU.Build.0 = Release|Any CPU
		{ECE807B1-B28A-436C-91C2-849018128D47}.Debug|Any CPU.ActiveCfg = Debug|Any CPU
		{ECE807B1-B28A-436C-91C2-849018128D47}.Debug|Any CPU.Build.0 = Debug|Any CPU
		{ECE807B1-B28A-436C-91C2-849018128D47}.Release|Any CPU.ActiveCfg = Release|Any CPU
		{ECE807B1-B28A-436C-91C2-849018128D47}.Release|Any CPU.Build.0 = Release|Any CPU
		{52F90E42-CB99-4003-8A4D-059370957658}.Debug|Any CPU.ActiveCfg = Debug|Any CPU
		{52F90E42-CB99-4003-8A4D-059370957658}.Debug|Any CPU.Build.0 = Debug|Any CPU
		{52F90E42-CB99-4003-8A4D-059370957658}.Release|Any CPU.ActiveCfg = Release|Any CPU
		{52F90E42-CB99-4003-8A4D-059370957658}.Release|Any CPU.Build.0 = Release|Any CPU
		{EC4F5D6F-E587-4A77-997A-EABDFA2B7CAA}.Debug|Any CPU.ActiveCfg = Debug|Any CPU
		{EC4F5D6F-E587-4A77-997A-EABDFA2B7CAA}.Debug|Any CPU.Build.0 = Debug|Any CPU
		{EC4F5D6F-E587-4A77-997A-EABDFA2B7CAA}.Release|Any CPU.ActiveCfg = Release|Any CPU
		{EC4F5D6F-E587-4A77-997A-EABDFA2B7CAA}.Release|Any CPU.Build.0 = Release|Any CPU
		{010A1842-19EC-44CE-A8D8-B43D247B46C9}.Debug|Any CPU.ActiveCfg = Debug|Any CPU
		{010A1842-19EC-44CE-A8D8-B43D247B46C9}.Debug|Any CPU.Build.0 = Debug|Any CPU
		{010A1842-19EC-44CE-A8D8-B43D247B46C9}.Release|Any CPU.ActiveCfg = Release|Any CPU
		{010A1842-19EC-44CE-A8D8-B43D247B46C9}.Release|Any CPU.Build.0 = Release|Any CPU
		{C6D66ACD-5D29-44F9-BD54-C58F6E2FCC54}.Debug|Any CPU.ActiveCfg = Debug|Any CPU
		{C6D66ACD-5D29-44F9-BD54-C58F6E2FCC54}.Debug|Any CPU.Build.0 = Debug|Any CPU
		{C6D66ACD-5D29-44F9-BD54-C58F6E2FCC54}.Release|Any CPU.ActiveCfg = Release|Any CPU
		{C6D66ACD-5D29-44F9-BD54-C58F6E2FCC54}.Release|Any CPU.Build.0 = Release|Any CPU
		{0E883278-2F72-40A0-82FF-7390D2BF5E7E}.Debug|Any CPU.ActiveCfg = Debug|Any CPU
		{0E883278-2F72-40A0-82FF-7390D2BF5E7E}.Debug|Any CPU.Build.0 = Debug|Any CPU
		{0E883278-2F72-40A0-82FF-7390D2BF5E7E}.Release|Any CPU.ActiveCfg = Release|Any CPU
		{0E883278-2F72-40A0-82FF-7390D2BF5E7E}.Release|Any CPU.Build.0 = Release|Any CPU
		{9B64E41A-E862-4AC7-8068-91D59AB5FAAB}.Debug|Any CPU.ActiveCfg = Debug|Any CPU
		{9B64E41A-E862-4AC7-8068-91D59AB5FAAB}.Debug|Any CPU.Build.0 = Debug|Any CPU
		{9B64E41A-E862-4AC7-8068-91D59AB5FAAB}.Release|Any CPU.ActiveCfg = Release|Any CPU
		{9B64E41A-E862-4AC7-8068-91D59AB5FAAB}.Release|Any CPU.Build.0 = Release|Any CPU
		{554D9371-521A-4283-9735-8459DBD04F3D}.Debug|Any CPU.ActiveCfg = Debug|Any CPU
		{554D9371-521A-4283-9735-8459DBD04F3D}.Debug|Any CPU.Build.0 = Debug|Any CPU
		{554D9371-521A-4283-9735-8459DBD04F3D}.Release|Any CPU.ActiveCfg = Release|Any CPU
		{554D9371-521A-4283-9735-8459DBD04F3D}.Release|Any CPU.Build.0 = Release|Any CPU
		{E08115A5-BD8C-44EF-9788-CDA8790DA862}.Debug|Any CPU.ActiveCfg = Debug|Any CPU
		{E08115A5-BD8C-44EF-9788-CDA8790DA862}.Debug|Any CPU.Build.0 = Debug|Any CPU
		{E08115A5-BD8C-44EF-9788-CDA8790DA862}.Release|Any CPU.ActiveCfg = Release|Any CPU
		{E08115A5-BD8C-44EF-9788-CDA8790DA862}.Release|Any CPU.Build.0 = Release|Any CPU
		{C2F76E96-38C7-42EC-9BF0-DED180E7C930}.Debug|Any CPU.ActiveCfg = Debug|Any CPU
		{C2F76E96-38C7-42EC-9BF0-DED180E7C930}.Debug|Any CPU.Build.0 = Debug|Any CPU
		{C2F76E96-38C7-42EC-9BF0-DED180E7C930}.Release|Any CPU.ActiveCfg = Release|Any CPU
		{C2F76E96-38C7-42EC-9BF0-DED180E7C930}.Release|Any CPU.Build.0 = Release|Any CPU
		{254D6918-4829-4EE6-AAFB-8176C9C92487}.Debug|Any CPU.ActiveCfg = Debug|Any CPU
		{254D6918-4829-4EE6-AAFB-8176C9C92487}.Debug|Any CPU.Build.0 = Debug|Any CPU
		{254D6918-4829-4EE6-AAFB-8176C9C92487}.Release|Any CPU.ActiveCfg = Release|Any CPU
		{254D6918-4829-4EE6-AAFB-8176C9C92487}.Release|Any CPU.Build.0 = Release|Any CPU
	EndGlobalSection
	GlobalSection(SolutionProperties) = preSolution
		HideSolutionNode = FALSE
	EndGlobalSection
	GlobalSection(NestedProjects) = preSolution
		{010A1842-19EC-44CE-A8D8-B43D247B46C9} = {0FBC462D-F4EC-456A-B9F0-CCDCFDDBE2F1}
		{9B64E41A-E862-4AC7-8068-91D59AB5FAAB} = {0FBC462D-F4EC-456A-B9F0-CCDCFDDBE2F1}
		{554D9371-521A-4283-9735-8459DBD04F3D} = {0FBC462D-F4EC-456A-B9F0-CCDCFDDBE2F1}
		{E08115A5-BD8C-44EF-9788-CDA8790DA862} = {0FBC462D-F4EC-456A-B9F0-CCDCFDDBE2F1}
		{C2F76E96-38C7-42EC-9BF0-DED180E7C930} = {0FBC462D-F4EC-456A-B9F0-CCDCFDDBE2F1}
	EndGlobalSection
	GlobalSection(ExtensibilityGlobals) = postSolution
		SolutionGuid = {97D721B7-ECEB-4FFA-A369-C6B399A88D96}
	EndGlobalSection
EndGlobal
